// !$*UTF8*$!
{
	archiveVersion = 1;
	classes = {
	};
	objectVersion = 46;
	objects = {

/* Begin PBXBuildFile section */
		1E544A411C33298A00A4CCD5 /* AppDelegate.swift in Sources */ = {isa = PBXBuildFile; fileRef = 1E544A401C33298A00A4CCD5 /* AppDelegate.swift */; };
		1E544A431C33298A00A4CCD5 /* ViewController.swift in Sources */ = {isa = PBXBuildFile; fileRef = 1E544A421C33298A00A4CCD5 /* ViewController.swift */; };
		1E544A461C33298A00A4CCD5 /* Main.storyboard in Resources */ = {isa = PBXBuildFile; fileRef = 1E544A441C33298A00A4CCD5 /* Main.storyboard */; };
		1E544A481C33298A00A4CCD5 /* Assets.xcassets in Resources */ = {isa = PBXBuildFile; fileRef = 1E544A471C33298A00A4CCD5 /* Assets.xcassets */; };
		1E544A4B1C33298A00A4CCD5 /* LaunchScreen.storyboard in Resources */ = {isa = PBXBuildFile; fileRef = 1E544A491C33298A00A4CCD5 /* LaunchScreen.storyboard */; };
		1E544A561C33298B00A4CCD5 /* tipsTests.swift in Sources */ = {isa = PBXBuildFile; fileRef = 1E544A551C33298B00A4CCD5 /* tipsTests.swift */; };
		1E544A611C33298B00A4CCD5 /* tipsUITests.swift in Sources */ = {isa = PBXBuildFile; fileRef = 1E544A601C33298B00A4CCD5 /* tipsUITests.swift */; };
/* End PBXBuildFile section */

/* Begin PBXContainerItemProxy section */
		1E544A521C33298B00A4CCD5 /* PBXContainerItemProxy */ = {
			isa = PBXContainerItemProxy;
			containerPortal = 1E544A351C33298A00A4CCD5 /* Project object */;
			proxyType = 1;
			remoteGlobalIDString = 1E544A3C1C33298A00A4CCD5;
			remoteInfo = tips;
		};
		1E544A5D1C33298B00A4CCD5 /* PBXContainerItemProxy */ = {
			isa = PBXContainerItemProxy;
			containerPortal = 1E544A351C33298A00A4CCD5 /* Project object */;
			proxyType = 1;
			remoteGlobalIDString = 1E544A3C1C33298A00A4CCD5;
			remoteInfo = tips;
		};
/* End PBXContainerItemProxy section */

/* Begin PBXFileReference section */
		1E544A3D1C33298A00A4CCD5 /* tips.app */ = {isa = PBXFileReference; explicitFileType = wrapper.application; includeInIndex = 0; path = tips.app; sourceTree = BUILT_PRODUCTS_DIR; };
		1E544A401C33298A00A4CCD5 /* AppDelegate.swift */ = {isa = PBXFileReference; lastKnownFileType = sourcecode.swift; path = AppDelegate.swift; sourceTree = "<group>"; };
		1E544A421C33298A00A4CCD5 /* ViewController.swift */ = {isa = PBXFileReference; lastKnownFileType = sourcecode.swift; path = ViewController.swift; sourceTree = "<group>"; };
		1E544A451C33298A00A4CCD5 /* Base */ = {isa = PBXFileReference; lastKnownFileType = file.storyboard; name = Base; path = Base.lproj/Main.storyboard; sourceTree = "<group>"; };
		1E544A471C33298A00A4CCD5 /* Assets.xcassets */ = {isa = PBXFileReference; lastKnownFileType = folder.assetcatalog; path = Assets.xcassets; sourceTree = "<group>"; };
		1E544A4A1C33298A00A4CCD5 /* Base */ = {isa = PBXFileReference; lastKnownFileType = file.storyboard; name = Base; path = Base.lproj/LaunchScreen.storyboard; sourceTree = "<group>"; };
		1E544A4C1C33298A00A4CCD5 /* Info.plist */ = {isa = PBXFileReference; lastKnownFileType = text.plist.xml; path = Info.plist; sourceTree = "<group>"; };
		1E544A511C33298B00A4CCD5 /* tipsTests.xctest */ = {isa = PBXFileReference; explicitFileType = wrapper.cfbundle; includeInIndex = 0; path = tipsTests.xctest; sourceTree = BUILT_PRODUCTS_DIR; };
		1E544A551C33298B00A4CCD5 /* tipsTests.swift */ = {isa = PBXFileReference; lastKnownFileType = sourcecode.swift; path = tipsTests.swift; sourceTree = "<group>"; };
		1E544A571C33298B00A4CCD5 /* Info.plist */ = {isa = PBXFileReference; lastKnownFileType = text.plist.xml; path = Info.plist; sourceTree = "<group>"; };
		1E544A5C1C33298B00A4CCD5 /* tipsUITests.xctest */ = {isa = PBXFileReference; explicitFileType = wrapper.cfbundle; includeInIndex = 0; path = tipsUITests.xctest; sourceTree = BUILT_PRODUCTS_DIR; };
		1E544A601C33298B00A4CCD5 /* tipsUITests.swift */ = {isa = PBXFileReference; lastKnownFileType = sourcecode.swift; path = tipsUITests.swift; sourceTree = "<group>"; };
		1E544A621C33298B00A4CCD5 /* Info.plist */ = {isa = PBXFileReference; lastKnownFileType = text.plist.xml; path = Info.plist; sourceTree = "<group>"; };
/* End PBXFileReference section */

/* Begin PBXFrameworksBuildPhase section */
		1E544A3A1C33298A00A4CCD5 /* Frameworks */ = {
			isa = PBXFrameworksBuildPhase;
			buildActionMask = 2147483647;
			files = (
			);
			runOnlyForDeploymentPostprocessing = 0;
		};
		1E544A4E1C33298B00A4CCD5 /* Frameworks */ = {
			isa = PBXFrameworksBuildPhase;
			buildActionMask = 2147483647;
			files = (
			);
			runOnlyForDeploymentPostprocessing = 0;
		};
		1E544A591C33298B00A4CCD5 /* Frameworks */ = {
			isa = PBXFrameworksBuildPhase;
			buildActionMask = 2147483647;
			files = (
			);
			runOnlyForDeploymentPostprocessing = 0;
		};
/* End PBXFrameworksBuildPhase section */

/* Begin PBXGroup section */
		1E544A341C33298A00A4CCD5 = {
			isa = PBXGroup;
			children = (
				1E544A3F1C33298A00A4CCD5 /* tips */,
				1E544A541C33298B00A4CCD5 /* tipsTests */,
				1E544A5F1C33298B00A4CCD5 /* tipsUITests */,
				1E544A3E1C33298A00A4CCD5 /* Products */,
			);
			sourceTree = "<group>";
		};
		1E544A3E1C33298A00A4CCD5 /* Products */ = {
			isa = PBXGroup;
			children = (
				1E544A3D1C33298A00A4CCD5 /* tips.app */,
				1E544A511C33298B00A4CCD5 /* tipsTests.xctest */,
				1E544A5C1C33298B00A4CCD5 /* tipsUITests.xctest */,
			);
			name = Products;
			sourceTree = "<group>";
		};
		1E544A3F1C33298A00A4CCD5 /* tips */ = {
			isa = PBXGroup;
			children = (
				1E544A401C33298A00A4CCD5 /* AppDelegate.swift */,
				1E544A421C33298A00A4CCD5 /* ViewController.swift */,
				1E544A441C33298A00A4CCD5 /* Main.storyboard */,
				1E544A471C33298A00A4CCD5 /* Assets.xcassets */,
				1E544A491C33298A00A4CCD5 /* LaunchScreen.storyboard */,
				1E544A4C1C33298A00A4CCD5 /* Info.plist */,
			);
			path = tips;
			sourceTree = "<group>";
		};
		1E544A541C33298B00A4CCD5 /* tipsTests */ = {
			isa = PBXGroup;
			children = (
				1E544A551C33298B00A4CCD5 /* tipsTests.swift */,
				1E544A571C33298B00A4CCD5 /* Info.plist */,
			);
			path = tipsTests;
			sourceTree = "<group>";
		};
		1E544A5F1C33298B00A4CCD5 /* tipsUITests */ = {
			isa = PBXGroup;
			children = (
				1E544A601C33298B00A4CCD5 /* tipsUITests.swift */,
				1E544A621C33298B00A4CCD5 /* Info.plist */,
			);
			path = tipsUITests;
			sourceTree = "<group>";
		};
/* End PBXGroup section */

/* Begin PBXNativeTarget section */
		1E544A3C1C33298A00A4CCD5 /* tips */ = {
			isa = PBXNativeTarget;
			buildConfigurationList = 1E544A651C33298B00A4CCD5 /* Build configuration list for PBXNativeTarget "tips" */;
			buildPhases = (
				1E544A391C33298A00A4CCD5 /* Sources */,
				1E544A3A1C33298A00A4CCD5 /* Frameworks */,
				1E544A3B1C33298A00A4CCD5 /* Resources */,
			);
			buildRules = (
			);
			dependencies = (
			);
			name = tips;
			productName = tips;
			productReference = 1E544A3D1C33298A00A4CCD5 /* tips.app */;
			productType = "com.apple.product-type.application";
		};
		1E544A501C33298B00A4CCD5 /* tipsTests */ = {
			isa = PBXNativeTarget;
			buildConfigurationList = 1E544A681C33298B00A4CCD5 /* Build configuration list for PBXNativeTarget "tipsTests" */;
			buildPhases = (
				1E544A4D1C33298B00A4CCD5 /* Sources */,
				1E544A4E1C33298B00A4CCD5 /* Frameworks */,
				1E544A4F1C33298B00A4CCD5 /* Resources */,
			);
			buildRules = (
			);
			dependencies = (
				1E544A531C33298B00A4CCD5 /* PBXTargetDependency */,
			);
			name = tipsTests;
			productName = tipsTests;
			productReference = 1E544A511C33298B00A4CCD5 /* tipsTests.xctest */;
			productType = "com.apple.product-type.bundle.unit-test";
		};
		1E544A5B1C33298B00A4CCD5 /* tipsUITests */ = {
			isa = PBXNativeTarget;
			buildConfigurationList = 1E544A6B1C33298B00A4CCD5 /* Build configuration list for PBXNativeTarget "tipsUITests" */;
			buildPhases = (
				1E544A581C33298B00A4CCD5 /* Sources */,
				1E544A591C33298B00A4CCD5 /* Frameworks */,
				1E544A5A1C33298B00A4CCD5 /* Resources */,
			);
			buildRules = (
			);
			dependencies = (
				1E544A5E1C33298B00A4CCD5 /* PBXTargetDependency */,
			);
			name = tipsUITests;
			productName = tipsUITests;
			productReference = 1E544A5C1C33298B00A4CCD5 /* tipsUITests.xctest */;
			productType = "com.apple.product-type.bundle.ui-testing";
		};
/* End PBXNativeTarget section */

/* Begin PBXProject section */
		1E544A351C33298A00A4CCD5 /* Project object */ = {
			isa = PBXProject;
			attributes = {
				LastSwiftUpdateCheck = 0720;
				LastUpgradeCheck = 0720;
				ORGANIZATIONNAME = "Zixing Li";
				TargetAttributes = {
					1E544A3C1C33298A00A4CCD5 = {
						CreatedOnToolsVersion = 7.2;
						DevelopmentTeam = TK49JLL3KH;
					};
					1E544A501C33298B00A4CCD5 = {
						CreatedOnToolsVersion = 7.2;
						DevelopmentTeam = Z5SCWF6H37;
						TestTargetID = 1E544A3C1C33298A00A4CCD5;
					};
					1E544A5B1C33298B00A4CCD5 = {
						CreatedOnToolsVersion = 7.2;
						DevelopmentTeam = Z5SCWF6H37;
						TestTargetID = 1E544A3C1C33298A00A4CCD5;
					};
				};
			};
			buildConfigurationList = 1E544A381C33298A00A4CCD5 /* Build configuration list for PBXProject "tips" */;
			compatibilityVersion = "Xcode 3.2";
			developmentRegion = English;
			hasScannedForEncodings = 0;
			knownRegions = (
				en,
				Base,
			);
			mainGroup = 1E544A341C33298A00A4CCD5;
			productRefGroup = 1E544A3E1C33298A00A4CCD5 /* Products */;
			projectDirPath = "";
			projectRoot = "";
			targets = (
				1E544A3C1C33298A00A4CCD5 /* tips */,
				1E544A501C33298B00A4CCD5 /* tipsTests */,
				1E544A5B1C33298B00A4CCD5 /* tipsUITests */,
			);
		};
/* End PBXProject section */

/* Begin PBXResourcesBuildPhase section */
		1E544A3B1C33298A00A4CCD5 /* Resources */ = {
			isa = PBXResourcesBuildPhase;
			buildActionMask = 2147483647;
			files = (
				1E544A4B1C33298A00A4CCD5 /* LaunchScreen.storyboard in Resources */,
				1E544A481C33298A00A4CCD5 /* Assets.xcassets in Resources */,
				1E544A461C33298A00A4CCD5 /* Main.storyboard in Resources */,
			);
			runOnlyForDeploymentPostprocessing = 0;
		};
		1E544A4F1C33298B00A4CCD5 /* Resources */ = {
			isa = PBXResourcesBuildPhase;
			buildActionMask = 2147483647;
			files = (
			);
			runOnlyForDeploymentPostprocessing = 0;
		};
		1E544A5A1C33298B00A4CCD5 /* Resources */ = {
			isa = PBXResourcesBuildPhase;
			buildActionMask = 2147483647;
			files = (
			);
			runOnlyForDeploymentPostprocessing = 0;
		};
/* End PBXResourcesBuildPhase section */

/* Begin PBXSourcesBuildPhase section */
		1E544A391C33298A00A4CCD5 /* Sources */ = {
			isa = PBXSourcesBuildPhase;
			buildActionMask = 2147483647;
			files = (
				1E544A431C33298A00A4CCD5 /* ViewController.swift in Sources */,
				1E544A411C33298A00A4CCD5 /* AppDelegate.swift in Sources */,
			);
			runOnlyForDeploymentPostprocessing = 0;
		};
		1E544A4D1C33298B00A4CCD5 /* Sources */ = {
			isa = PBXSourcesBuildPhase;
			buildActionMask = 2147483647;
			files = (
				1E544A561C33298B00A4CCD5 /* tipsTests.swift in Sources */,
			);
			runOnlyForDeploymentPostprocessing = 0;
		};
		1E544A581C33298B00A4CCD5 /* Sources */ = {
			isa = PBXSourcesBuildPhase;
			buildActionMask = 2147483647;
			files = (
				1E544A611C33298B00A4CCD5 /* tipsUITests.swift in Sources */,
			);
			runOnlyForDeploymentPostprocessing = 0;
		};
/* End PBXSourcesBuildPhase section */

/* Begin PBXTargetDependency section */
		1E544A531C33298B00A4CCD5 /* PBXTargetDependency */ = {
			isa = PBXTargetDependency;
			target = 1E544A3C1C33298A00A4CCD5 /* tips */;
			targetProxy = 1E544A521C33298B00A4CCD5 /* PBXContainerItemProxy */;
		};
		1E544A5E1C33298B00A4CCD5 /* PBXTargetDependency */ = {
			isa = PBXTargetDependency;
			target = 1E544A3C1C33298A00A4CCD5 /* tips */;
			targetProxy = 1E544A5D1C33298B00A4CCD5 /* PBXContainerItemProxy */;
		};
/* End PBXTargetDependency section */

/* Begin PBXVariantGroup section */
		1E544A441C33298A00A4CCD5 /* Main.storyboard */ = {
			isa = PBXVariantGroup;
			children = (
				1E544A451C33298A00A4CCD5 /* Base */,
			);
			name = Main.storyboard;
			sourceTree = "<group>";
		};
		1E544A491C33298A00A4CCD5 /* LaunchScreen.storyboard */ = {
			isa = PBXVariantGroup;
			children = (
				1E544A4A1C33298A00A4CCD5 /* Base */,
			);
			name = LaunchScreen.storyboard;
			sourceTree = "<group>";
		};
/* End PBXVariantGroup section */

/* Begin XCBuildConfiguration section */
		1E544A631C33298B00A4CCD5 /* Debug */ = {
			isa = XCBuildConfiguration;
			buildSettings = {
				ALWAYS_SEARCH_USER_PATHS = NO;
				CLANG_CXX_LANGUAGE_STANDARD = "gnu++0x";
				CLANG_CXX_LIBRARY = "libc++";
				CLANG_ENABLE_MODULES = YES;
				CLANG_ENABLE_OBJC_ARC = YES;
				CLANG_WARN_BOOL_CONVERSION = YES;
				CLANG_WARN_CONSTANT_CONVERSION = YES;
				CLANG_WARN_DIRECT_OBJC_ISA_USAGE = YES_ERROR;
				CLANG_WARN_EMPTY_BODY = YES;
				CLANG_WARN_ENUM_CONVERSION = YES;
				CLANG_WARN_INT_CONVERSION = YES;
				CLANG_WARN_OBJC_ROOT_CLASS = YES_ERROR;
				CLANG_WARN_UNREACHABLE_CODE = YES;
				CLANG_WARN__DUPLICATE_METHOD_MATCH = YES;
				"CODE_SIGN_IDENTITY[sdk=iphoneos*]" = "iPhone Developer";
				COPY_PHASE_STRIP = NO;
				DEBUG_INFORMATION_FORMAT = dwarf;
				ENABLE_STRICT_OBJC_MSGSEND = YES;
				ENABLE_TESTABILITY = YES;
				GCC_C_LANGUAGE_STANDARD = gnu99;
				GCC_DYNAMIC_NO_PIC = NO;
				GCC_NO_COMMON_BLOCKS = YES;
				GCC_OPTIMIZATION_LEVEL = 0;
				GCC_PREPROCESSOR_DEFINITIONS = (
					"DEBUG=1",
					"$(inherited)",
				);
				GCC_WARN_64_TO_32_BIT_CONVERSION = YES;
				GCC_WARN_ABOUT_RETURN_TYPE = YES_ERROR;
				GCC_WARN_UNDECLARED_SELECTOR = YES;
				GCC_WARN_UNINITIALIZED_AUTOS = YES_AGGRESSIVE;
				GCC_WARN_UNUSED_FUNCTION = YES;
				GCC_WARN_UNUSED_VARIABLE = YES;
				IPHONEOS_DEPLOYMENT_TARGET = 9.2;
				MTL_ENABLE_DEBUG_INFO = YES;
				ONLY_ACTIVE_ARCH = YES;
				SDKROOT = iphoneos;
				SWIFT_OPTIMIZATION_LEVEL = "-Onone";
			};
			name = Debug;
		};
		1E544A641C33298B00A4CCD5 /* Release */ = {
			isa = XCBuildConfiguration;
			buildSettings = {
				ALWAYS_SEARCH_USER_PATHS = NO;
				CLANG_CXX_LANGUAGE_STANDARD = "gnu++0x";
				CLANG_CXX_LIBRARY = "libc++";
				CLANG_ENABLE_MODULES = YES;
				CLANG_ENABLE_OBJC_ARC = YES;
				CLANG_WARN_BOOL_CONVERSION = YES;
				CLANG_WARN_CONSTANT_CONVERSION = YES;
				CLANG_WARN_DIRECT_OBJC_ISA_USAGE = YES_ERROR;
				CLANG_WARN_EMPTY_BODY = YES;
				CLANG_WARN_ENUM_CONVERSION = YES;
				CLANG_WARN_INT_CONVERSION = YES;
				CLANG_WARN_OBJC_ROOT_CLASS = YES_ERROR;
				CLANG_WARN_UNREACHABLE_CODE = YES;
				CLANG_WARN__DUPLICATE_METHOD_MATCH = YES;
				"CODE_SIGN_IDENTITY[sdk=iphoneos*]" = "iPhone Developer";
				COPY_PHASE_STRIP = NO;
				DEBUG_INFORMATION_FORMAT = "dwarf-with-dsym";
				ENABLE_NS_ASSERTIONS = NO;
				ENABLE_STRICT_OBJC_MSGSEND = YES;
				GCC_C_LANGUAGE_STANDARD = gnu99;
				GCC_NO_COMMON_BLOCKS = YES;
				GCC_WARN_64_TO_32_BIT_CONVERSION = YES;
				GCC_WARN_ABOUT_RETURN_TYPE = YES_ERROR;
				GCC_WARN_UNDECLARED_SELECTOR = YES;
				GCC_WARN_UNINITIALIZED_AUTOS = YES_AGGRESSIVE;
				GCC_WARN_UNUSED_FUNCTION = YES;
				GCC_WARN_UNUSED_VARIABLE = YES;
				IPHONEOS_DEPLOYMENT_TARGET = 9.2;
				MTL_ENABLE_DEBUG_INFO = NO;
				SDKROOT = iphoneos;
				VALIDATE_PRODUCT = YES;
			};
			name = Release;
		};
		1E544A661C33298B00A4CCD5 /* Debug */ = {
			isa = XCBuildConfiguration;
			buildSettings = {
				ASSETCATALOG_COMPILER_APPICON_NAME = AppIcon;
				CODE_SIGN_IDENTITY = "iPhone Developer";
				"CODE_SIGN_IDENTITY[sdk=iphoneos*]" = "iPhone Developer";
				INFOPLIST_FILE = tips/Info.plist;
				LD_RUNPATH_SEARCH_PATHS = "$(inherited) @executable_path/Frameworks";
				PRODUCT_BUNDLE_IDENTIFIER = com.zixingli.tips;
				PRODUCT_NAME = "$(TARGET_NAME)";
				PROVISIONING_PROFILE = "";
				TARGETED_DEVICE_FAMILY = 1;
			};
			name = Debug;
		};
		1E544A671C33298B00A4CCD5 /* Release */ = {
			isa = XCBuildConfiguration;
			buildSettings = {
				ASSETCATALOG_COMPILER_APPICON_NAME = AppIcon;
				CODE_SIGN_IDENTITY = "iPhone Developer";
				"CODE_SIGN_IDENTITY[sdk=iphoneos*]" = "iPhone Developer";
				INFOPLIST_FILE = tips/Info.plist;
				LD_RUNPATH_SEARCH_PATHS = "$(inherited) @executable_path/Frameworks";
				PRODUCT_BUNDLE_IDENTIFIER = com.zixingli.tips;
				PRODUCT_NAME = "$(TARGET_NAME)";
				PROVISIONING_PROFILE = "";
				TARGETED_DEVICE_FAMILY = 1;
			};
			name = Release;
		};
		1E544A691C33298B00A4CCD5 /* Debug */ = {
			isa = XCBuildConfiguration;
			buildSettings = {
				BUNDLE_LOADER = "$(TEST_HOST)";
				INFOPLIST_FILE = tipsTests/Info.plist;
				LD_RUNPATH_SEARCH_PATHS = "$(inherited) @executable_path/Frameworks @loader_path/Frameworks";
				PRODUCT_BUNDLE_IDENTIFIER = com.zixingli.tipsTests;
				PRODUCT_NAME = "$(TARGET_NAME)";
				TEST_HOST = "$(BUILT_PRODUCTS_DIR)/tips.app/tips";
			};
			name = Debug;
		};
		1E544A6A1C33298B00A4CCD5 /* Release */ = {
			isa = XCBuildConfiguration;
			buildSettings = {
				BUNDLE_LOADER = "$(TEST_HOST)";
				INFOPLIST_FILE = tipsTests/Info.plist;
				LD_RUNPATH_SEARCH_PATHS = "$(inherited) @executable_path/Frameworks @loader_path/Frameworks";
				PRODUCT_BUNDLE_IDENTIFIER = com.zixingli.tipsTests;
				PRODUCT_NAME = "$(TARGET_NAME)";
				TEST_HOST = "$(BUILT_PRODUCTS_DIR)/tips.app/tips";
			};
			name = Release;
		};
		1E544A6C1C33298B00A4CCD5 /* Debug */ = {
			isa = XCBuildConfiguration;
			buildSettings = {
				INFOPLIST_FILE = tipsUITests/Info.plist;
				LD_RUNPATH_SEARCH_PATHS = "$(inherited) @executable_path/Frameworks @loader_path/Frameworks";
				PRODUCT_BUNDLE_IDENTIFIER = com.zixingli.tipsUITests;
				PRODUCT_NAME = "$(TARGET_NAME)";
				TEST_TARGET_NAME = tips;
				USES_XCTRUNNER = YES;
			};
			name = Debug;
		};
		1E544A6D1C33298B00A4CCD5 /* Release */ = {
			isa = XCBuildConfiguration;
			buildSettings = {
				INFOPLIST_FILE = tipsUITests/Info.plist;
				LD_RUNPATH_SEARCH_PATHS = "$(inherited) @executable_path/Frameworks @loader_path/Frameworks";
				PRODUCT_BUNDLE_IDENTIFIER = com.zixingli.tipsUITests;
				PRODUCT_NAME = "$(TARGET_NAME)";
				TEST_TARGET_NAME = tips;
				USES_XCTRUNNER = YES;
			};
			name = Release;
		};
/* End XCBuildConfiguration section */

/* Begin XCConfigurationList section */
		1E544A381C33298A00A4CCD5 /* Build configuration list for PBXProject "tips" */ = {
			isa = XCConfigurationList;
			buildConfigurations = (
				1E544A631C33298B00A4CCD5 /* Debug */,
				1E544A641C33298B00A4CCD5 /* Release */,
			);
			defaultConfigurationIsVisible = 0;
			defaultConfigurationName = Release;
		};
		1E544A651C33298B00A4CCD5 /* Build configuration list for PBXNativeTarget "tips" */ = {
			isa = XCConfigurationList;
			buildConfigurations = (
				1E544A661C33298B00A4CCD5 /* Debug */,
				1E544A671C33298B00A4CCD5 /* Release */,
			);
			defaultConfigurationIsVisible = 0;
		};
		1E544A681C33298B00A4CCD5 /* Build configuration list for PBXNativeTarget "tipsTests" */ = {
			isa = XCConfigurationList;
			buildConfigurations = (
				1E544A691C33298B00A4CCD5 /* Debug */,
				1E544A6A1C33298B00A4CCD5 /* Release */,
			);
			defaultConfigurationIsVisible = 0;
		};
		1E544A6B1C33298B00A4CCD5 /* Build configuration list for PBXNativeTarget "tipsUITests" */ = {
			isa = XCConfigurationList;
			buildConfigurations = (
				1E544A6C1C33298B00A4CCD5 /* Debug */,
				1E544A6D1C33298B00A4CCD5 /* Release */,
			);
			defaultConfigurationIsVisible = 0;
		};
/* End XCConfigurationList section */
	};
	rootObject = 1E544A351C33298A00A4CCD5 /* Project object */;
}
